
Microsoft Visual Studio Solution File, Format Version 12.00
# Visual Studio Version 16
VisualStudioVersion = 16.0.31702.278
MinimumVisualStudioVersion = 10.0.40219.1
Project("{888888A0-9F3D-457C-B088-3A5042F75D52}") = "BOPy2", "BOPy2\BOPy2.pyproj", "{7ED2C09F-337E-4FAC-9EF8-C3883398B8AE}"
EndProject
Global
	GlobalSection(SolutionConfigurationPlatforms) = preSolution
		Debug|Any CPU = Debug|Any CPU
		Release|Any CPU = Release|Any CPU
	EndGlobalSection
	GlobalSection(ProjectConfigurationPlatforms) = postSolution
		{7ED2C09F-337E-4FAC-9EF8-C3883398B8AE}.Debug|Any CPU.ActiveCfg = Debug|Any CPU
		{7ED2C09F-337E-4FAC-9EF8-C3883398B8AE}.Release|Any CPU.ActiveCfg = Release|Any CPU
	EndGlobalSection
	GlobalSection(SolutionProperties) = preSolution
		HideSolutionNode = FALSE
	EndGlobalSection
	GlobalSection(ExtensibilityGlobals) = postSolution
		SolutionGuid = {30274ABA-C078-4656-B781-44869D8BFEA4}
	EndGlobalSection
EndGlobal
